PODS:
  - CPDAcknowledgements (0.0.1)
  - Expecta (0.4.2)
  - FLKAutoLayout (0.2.1)
  - IRFEmojiCheatSheet (0.3.0)
  - OCHamcrest (4.3.0)
  - OCMockito (1.4.0):
    - OCHamcrest (~> 4.0)
  - ORStackView (3.0.1):
    - FLKAutoLayout (~> 0.2)
  - Specta (0.5.0)

DEPENDENCIES:
  - CPDAcknowledgements (from `../CPDAcknowledgements.podspec`)
  - Expecta (~> 0.2)
  - IRFEmojiCheatSheet
  - OCMockito (~> 1.0)
  - ORStackView
  - Specta (~> 0.2)

EXTERNAL SOURCES:
  CPDAcknowledgements:
    :path: ../CPDAcknowledgements.podspec

SPEC CHECKSUMS:
  CPDAcknowledgements: 4036ed018bfe2d226a7e7ad4a23d9757cc9c59cc
  Expecta: 78b4e8b0c8291fa4524d7f74016b6065c2e391ec
  FLKAutoLayout: 9db6b30c2008d230da608e62c607b11c23b942e6
  IRFEmojiCheatSheet: 364b2733c4e37c65ef9f56225246cdf42068370f
  OCHamcrest: cd63d27f48a266d4412c0b295b01b8f0940efa81
  OCMockito: 4981140c9a9ec06c31af40f636e3c0f25f27e6b2
  ORStackView: a1bb52748cd0ae29891c140baf22ff8972fb363c
  Specta: eb90708ed77569bbda089f8ead10bb99b8e9489e

COCOAPODS: 0.39.0
